PODS:
  - AFNetworking (1.3.3)
  - IOSLinkedInAPI (2.0.0):
    - AFNetworking (~> 1.3.0)

DEPENDENCIES:
  - IOSLinkedInAPI (from `https://github.com/Igor-Palaguta/IOSLinkedInAPI.git`)

EXTERNAL SOURCES:
  IOSLinkedInAPI:
    :git: https://github.com/Igor-Palaguta/IOSLinkedInAPI.git

SPEC CHECKSUMS:
  AFNetworking: 61fdd49e2ffe6380378df37b3b6e70630bb9dd66
  IOSLinkedInAPI: 8f794f21aa784d91500e9ba9fd5ad54765af7336

COCOAPODS: 0.29.0
